// !$*UTF8*$!
{
	archiveVersion = 1;
	classes = {
	};
	objectVersion = 50;
	objects = {

/* Begin PBXBuildFile section */
		9E96DCD8211C39CC006BDDD2 /* API.swift in Sources */ = {isa = PBXBuildFile; fileRef = 9E96DCD7211C39CC006BDDD2 /* API.swift */; };
		9E9B403D211B594B00761AE1 /* AppDelegate.swift in Sources */ = {isa = PBXBuildFile; fileRef = 9E9B403C211B594B00761AE1 /* AppDelegate.swift */; };
		9E9B4042211B594C00761AE1 /* Main.storyboard in Resources */ = {isa = PBXBuildFile; fileRef = 9E9B4040211B594C00761AE1 /* Main.storyboard */; };
		9E9B4044211B595000761AE1 /* Assets.xcassets in Resources */ = {isa = PBXBuildFile; fileRef = 9E9B4043211B595000761AE1 /* Assets.xcassets */; };
		9E9B4047211B595000761AE1 /* LaunchScreen.storyboard in Resources */ = {isa = PBXBuildFile; fileRef = 9E9B4045211B595000761AE1 /* LaunchScreen.storyboard */; };
		9E9B4053211B59C500761AE1 /* meteoController.swift in Sources */ = {isa = PBXBuildFile; fileRef = 9E9B4052211B59C500761AE1 /* meteoController.swift */; };
		9E9B4055211B5A6800761AE1 /* localisationExtension.swift in Sources */ = {isa = PBXBuildFile; fileRef = 9E9B4054211B5A6800761AE1 /* localisationExtension.swift */; };
/* End PBXBuildFile section */

/* Begin PBXFileReference section */
		9E96DCD7211C39CC006BDDD2 /* API.swift */ = {isa = PBXFileReference; lastKnownFileType = sourcecode.swift; name = API.swift; path = ../../../../../API.swift; sourceTree = "<group>"; };
		9E9B4039211B594B00761AE1 /* appMeteo.app */ = {isa = PBXFileReference; explicitFileType = wrapper.application; includeInIndex = 0; path = appMeteo.app; sourceTree = BUILT_PRODUCTS_DIR; };
		9E9B403C211B594B00761AE1 /* AppDelegate.swift */ = {isa = PBXFileReference; lastKnownFileType = sourcecode.swift; path = AppDelegate.swift; sourceTree = "<group>"; };
		9E9B4041211B594C00761AE1 /* Base */ = {isa = PBXFileReference; lastKnownFileType = file.storyboard; name = Base; path = Base.lproj/Main.storyboard; sourceTree = "<group>"; };
		9E9B4043211B595000761AE1 /* Assets.xcassets */ = {isa = PBXFileReference; lastKnownFileType = folder.assetcatalog; path = Assets.xcassets; sourceTree = "<group>"; };
		9E9B4046211B595000761AE1 /* Base */ = {isa = PBXFileReference; lastKnownFileType = file.storyboard; name = Base; path = Base.lproj/LaunchScreen.storyboard; sourceTree = "<group>"; };
		9E9B4048211B595000761AE1 /* Info.plist */ = {isa = PBXFileReference; lastKnownFileType = text.plist.xml; path = Info.plist; sourceTree = "<group>"; };
		9E9B4052211B59C500761AE1 /* meteoController.swift */ = {isa = PBXFileReference; lastKnownFileType = sourcecode.swift; path = meteoController.swift; sourceTree = "<group>"; };
		9E9B4054211B5A6800761AE1 /* localisationExtension.swift */ = {isa = PBXFileReference; lastKnownFileType = sourcecode.swift; path = localisationExtension.swift; sourceTree = "<group>"; };
/* End PBXFileReference section */

/* Begin PBXFrameworksBuildPhase section */
		9E9B4036211B594B00761AE1 /* Frameworks */ = {
			isa = PBXFrameworksBuildPhase;
			buildActionMask = 2147483647;
			files = (
			);
			runOnlyForDeploymentPostprocessing = 0;
		};
/* End PBXFrameworksBuildPhase section */

/* Begin PBXGroup section */
		9E96DCD4211C350F006BDDD2 /* ressources */ = {
			isa = PBXGroup;
			children = (
				9E96DCD7211C39CC006BDDD2 /* API.swift */,
			);
			path = ressources;
			sourceTree = "<group>";
		};
		9E9B4030211B594B00761AE1 = {
			isa = PBXGroup;
			children = (
				9E9B403B211B594B00761AE1 /* appMeteo */,
				9E9B403A211B594B00761AE1 /* Products */,
			);
			sourceTree = "<group>";
		};
		9E9B403A211B594B00761AE1 /* Products */ = {
			isa = PBXGroup;
			children = (
				9E9B4039211B594B00761AE1 /* appMeteo.app */,
			);
			name = Products;
			sourceTree = "<group>";
		};
		9E9B403B211B594B00761AE1 /* appMeteo */ = {
			isa = PBXGroup;
			children = (
				9E96DCD4211C350F006BDDD2 /* ressources */,
				9E9B4050211B598700761AE1 /* modele */,
				9E9B404F211B598200761AE1 /* vue */,
				9E9B404E211B596A00761AE1 /* controller */,
				9E9B403C211B594B00761AE1 /* AppDelegate.swift */,
				9E9B4043211B595000761AE1 /* Assets.xcassets */,
				9E9B4051211B599E00761AE1 /* Storyboards */,
				9E9B4048211B595000761AE1 /* Info.plist */,
			);
			path = appMeteo;
			sourceTree = "<group>";
		};
		9E9B404E211B596A00761AE1 /* controller */ = {
			isa = PBXGroup;
			children = (
				9E9B4052211B59C500761AE1 /* meteoController.swift */,
				9E9B4054211B5A6800761AE1 /* localisationExtension.swift */,
			);
			path = controller;
			sourceTree = "<group>";
		};
		9E9B404F211B598200761AE1 /* vue */ = {
			isa = PBXGroup;
			children = (
			);
			path = vue;
			sourceTree = "<group>";
		};
		9E9B4050211B598700761AE1 /* modele */ = {
			isa = PBXGroup;
			children = (
			);
			path = modele;
			sourceTree = "<group>";
		};
		9E9B4051211B599E00761AE1 /* Storyboards */ = {
			isa = PBXGroup;
			children = (
				9E9B4040211B594C00761AE1 /* Main.storyboard */,
				9E9B4045211B595000761AE1 /* LaunchScreen.storyboard */,
			);
			path = Storyboards;
			sourceTree = "<group>";
		};
/* End PBXGroup section */

/* Begin PBXNativeTarget section */
		9E9B4038211B594B00761AE1 /* appMeteo */ = {
			isa = PBXNativeTarget;
			buildConfigurationList = 9E9B404B211B595000761AE1 /* Build configuration list for PBXNativeTarget "appMeteo" */;
			buildPhases = (
				9E9B4035211B594B00761AE1 /* Sources */,
				9E9B4036211B594B00761AE1 /* Frameworks */,
				9E9B4037211B594B00761AE1 /* Resources */,
			);
			buildRules = (
			);
			dependencies = (
			);
			name = appMeteo;
			productName = appMeteo;
			productReference = 9E9B4039211B594B00761AE1 /* appMeteo.app */;
			productType = "com.apple.product-type.application";
		};
/* End PBXNativeTarget section */

/* Begin PBXProject section */
		9E9B4031211B594B00761AE1 /* Project object */ = {
			isa = PBXProject;
			attributes = {
				LastSwiftUpdateCheck = 0940;
				LastUpgradeCheck = 0940;
				ORGANIZATIONNAME = "Charlotte Floderer";
				TargetAttributes = {
					9E9B4038211B594B00761AE1 = {
						CreatedOnToolsVersion = 9.4.1;
					};
				};
			};
			buildConfigurationList = 9E9B4034211B594B00761AE1 /* Build configuration list for PBXProject "appMeteo" */;
			compatibilityVersion = "Xcode 9.3";
			developmentRegion = en;
			hasScannedForEncodings = 0;
			knownRegions = (
				en,
				Base,
			);
			mainGroup = 9E9B4030211B594B00761AE1;
			productRefGroup = 9E9B403A211B594B00761AE1 /* Products */;
			projectDirPath = "";
			projectRoot = "";
			targets = (
				9E9B4038211B594B00761AE1 /* appMeteo */,
			);
		};
/* End PBXProject section */

/* Begin PBXResourcesBuildPhase section */
		9E9B4037211B594B00761AE1 /* Resources */ = {
			isa = PBXResourcesBuildPhase;
			buildActionMask = 2147483647;
			files = (
				9E9B4047211B595000761AE1 /* LaunchScreen.storyboard in Resources */,
				9E9B4044211B595000761AE1 /* Assets.xcassets in Resources */,
				9E9B4042211B594C00761AE1 /* Main.storyboard in Resources */,
			);
			runOnlyForDeploymentPostprocessing = 0;
		};
/* End PBXResourcesBuildPhase section */

/* Begin PBXSourcesBuildPhase section */
		9E9B4035211B594B00761AE1 /* Sources */ = {
			isa = PBXSourcesBuildPhase;
			buildActionMask = 2147483647;
			files = (
				9E9B4053211B59C500761AE1 /* meteoController.swift in Sources */,
				9E9B403D211B594B00761AE1 /* AppDelegate.swift in Sources */,
				9E96DCD8211C39CC006BDDD2 /* API.swift in Sources */,
				9E9B4055211B5A6800761AE1 /* localisationExtension.swift in Sources */,
			);
			runOnlyForDeploymentPostprocessing = 0;
		};
/* End PBXSourcesBuildPhase section */

/* Begin PBXVariantGroup section */
		9E9B4040211B594C00761AE1 /* Main.storyboard */ = {
			isa = PBXVariantGroup;
			children = (
				9E9B4041211B594C00761AE1 /* Base */,
			);
			name = Main.storyboard;
			sourceTree = "<group>";
		};
		9E9B4045211B595000761AE1 /* LaunchScreen.storyboard */ = {
			isa = PBXVariantGroup;
			children = (
				9E9B4046211B595000761AE1 /* Base */,
			);
			name = LaunchScreen.storyboard;
			sourceTree = "<group>";
		};
/* End PBXVariantGroup section */

/* Begin XCBuildConfiguration section */
		9E9B4049211B595000761AE1 /* Debug */ = {
			isa = XCBuildConfiguration;
			buildSettings = {
				ALWAYS_SEARCH_USER_PATHS = NO;
				CLANG_ANALYZER_NONNULL = YES;
				CLANG_ANALYZER_NUMBER_OBJECT_CONVERSION = YES_AGGRESSIVE;
				CLANG_CXX_LANGUAGE_STANDARD = "gnu++14";
				CLANG_CXX_LIBRARY = "libc++";
				CLANG_ENABLE_MODULES = YES;
				CLANG_ENABLE_OBJC_ARC = YES;
				CLANG_ENABLE_OBJC_WEAK = YES;
				CLANG_WARN_BLOCK_CAPTURE_AUTORELEASING = YES;
				CLANG_WARN_BOOL_CONVERSION = YES;
				CLANG_WARN_COMMA = YES;
				CLANG_WARN_CONSTANT_CONVERSION = YES;
				CLANG_WARN_DEPRECATED_OBJC_IMPLEMENTATIONS = YES;
				CLANG_WARN_DIRECT_OBJC_ISA_USAGE = YES_ERROR;
				CLANG_WARN_DOCUMENTATION_COMMENTS = YES;
				CLANG_WARN_EMPTY_BODY = YES;
				CLANG_WARN_ENUM_CONVERSION = YES;
				CLANG_WARN_INFINITE_RECURSION = YES;
				CLANG_WARN_INT_CONVERSION = YES;
				CLANG_WARN_NON_LITERAL_NULL_CONVERSION = YES;
				CLANG_WARN_OBJC_IMPLICIT_RETAIN_SELF = YES;
				CLANG_WARN_OBJC_LITERAL_CONVERSION = YES;
				CLANG_WARN_OBJC_ROOT_CLASS = YES_ERROR;
				CLANG_WARN_RANGE_LOOP_ANALYSIS = YES;
				CLANG_WARN_STRICT_PROTOTYPES = YES;
				CLANG_WARN_SUSPICIOUS_MOVE = YES;
				CLANG_WARN_UNGUARDED_AVAILABILITY = YES_AGGRESSIVE;
				CLANG_WARN_UNREACHABLE_CODE = YES;
				CLANG_WARN__DUPLICATE_METHOD_MATCH = YES;
				CODE_SIGN_IDENTITY = "iPhone Developer";
				COPY_PHASE_STRIP = NO;
				DEBUG_INFORMATION_FORMAT = dwarf;
				ENABLE_STRICT_OBJC_MSGSEND = YES;
				ENABLE_TESTABILITY = YES;
				GCC_C_LANGUAGE_STANDARD = gnu11;
				GCC_DYNAMIC_NO_PIC = NO;
				GCC_NO_COMMON_BLOCKS = YES;
				GCC_OPTIMIZATION_LEVEL = 0;
				GCC_PREPROCESSOR_DEFINITIONS = (
					"DEBUG=1",
					"$(inherited)",
				);
				GCC_WARN_64_TO_32_BIT_CONVERSION = YES;
				GCC_WARN_ABOUT_RETURN_TYPE = YES_ERROR;
				GCC_WARN_UNDECLARED_SELECTOR = YES;
				GCC_WARN_UNINITIALIZED_AUTOS = YES_AGGRESSIVE;
				GCC_WARN_UNUSED_FUNCTION = YES;
				GCC_WARN_UNUSED_VARIABLE = YES;
				IPHONEOS_DEPLOYMENT_TARGET = 11.4;
				MTL_ENABLE_DEBUG_INFO = YES;
				ONLY_ACTIVE_ARCH = YES;
				SDKROOT = iphoneos;
				SWIFT_ACTIVE_COMPILATION_CONDITIONS = DEBUG;
				SWIFT_OPTIMIZATION_LEVEL = "-Onone";
			};
			name = Debug;
		};
		9E9B404A211B595000761AE1 /* Release */ = {
			isa = XCBuildConfiguration;
			buildSettings = {
				ALWAYS_SEARCH_USER_PATHS = NO;
				CLANG_ANALYZER_NONNULL = YES;
				CLANG_ANALYZER_NUMBER_OBJECT_CONVERSION = YES_AGGRESSIVE;
				CLANG_CXX_LANGUAGE_STANDARD = "gnu++14";
				CLANG_CXX_LIBRARY = "libc++";
				CLANG_ENABLE_MODULES = YES;
				CLANG_ENABLE_OBJC_ARC = YES;
				CLANG_ENABLE_OBJC_WEAK = YES;
				CLANG_WARN_BLOCK_CAPTURE_AUTORELEASING = YES;
				CLANG_WARN_BOOL_CONVERSION = YES;
				CLANG_WARN_COMMA = YES;
				CLANG_WARN_CONSTANT_CONVERSION = YES;
				CLANG_WARN_DEPRECATED_OBJC_IMPLEMENTATIONS = YES;
				CLANG_WARN_DIRECT_OBJC_ISA_USAGE = YES_ERROR;
				CLANG_WARN_DOCUMENTATION_COMMENTS = YES;
				CLANG_WARN_EMPTY_BODY = YES;
				CLANG_WARN_ENUM_CONVERSION = YES;
				CLANG_WARN_INFINITE_RECURSION = YES;
				CLANG_WARN_INT_CONVERSION = YES;
				CLANG_WARN_NON_LITERAL_NULL_CONVERSION = YES;
				CLANG_WARN_OBJC_IMPLICIT_RETAIN_SELF = YES;
				CLANG_WARN_OBJC_LITERAL_CONVERSION = YES;
				CLANG_WARN_OBJC_ROOT_CLASS = YES_ERROR;
				CLANG_WARN_RANGE_LOOP_ANALYSIS = YES;
				CLANG_WARN_STRICT_PROTOTYPES = YES;
				CLANG_WARN_SUSPICIOUS_MOVE = YES;
				CLANG_WARN_UNGUARDED_AVAILABILITY = YES_AGGRESSIVE;
				CLANG_WARN_UNREACHABLE_CODE = YES;
				CLANG_WARN__DUPLICATE_METHOD_MATCH = YES;
				CODE_SIGN_IDENTITY = "iPhone Developer";
				COPY_PHASE_STRIP = NO;
				DEBUG_INFORMATION_FORMAT = "dwarf-with-dsym";
				ENABLE_NS_ASSERTIONS = NO;
				ENABLE_STRICT_OBJC_MSGSEND = YES;
				GCC_C_LANGUAGE_STANDARD = gnu11;
				GCC_NO_COMMON_BLOCKS = YES;
				GCC_WARN_64_TO_32_BIT_CONVERSION = YES;
				GCC_WARN_ABOUT_RETURN_TYPE = YES_ERROR;
				GCC_WARN_UNDECLARED_SELECTOR = YES;
				GCC_WARN_UNINITIALIZED_AUTOS = YES_AGGRESSIVE;
				GCC_WARN_UNUSED_FUNCTION = YES;
				GCC_WARN_UNUSED_VARIABLE = YES;
				IPHONEOS_DEPLOYMENT_TARGET = 11.4;
				MTL_ENABLE_DEBUG_INFO = NO;
				SDKROOT = iphoneos;
				SWIFT_COMPILATION_MODE = wholemodule;
				SWIFT_OPTIMIZATION_LEVEL = "-O";
				VALIDATE_PRODUCT = YES;
			};
			name = Release;
		};
		9E9B404C211B595000761AE1 /* Debug */ = {
			isa = XCBuildConfiguration;
			buildSettings = {
				ASSETCATALOG_COMPILER_APPICON_NAME = AppIcon;
				CODE_SIGN_STYLE = Automatic;
				DEVELOPMENT_TEAM = H6LUED72ZQ;
				INFOPLIST_FILE = appMeteo/Info.plist;
				LD_RUNPATH_SEARCH_PATHS = (
					"$(inherited)",
					"@executable_path/Frameworks",
				);
				PRODUCT_BUNDLE_IDENTIFIER = fr.charlottefloderer.appMeteo;
				PRODUCT_NAME = "$(TARGET_NAME)";
				SWIFT_VERSION = 4.0;
				TARGETED_DEVICE_FAMILY = "1,2";
			};
			name = Debug;
		};
		9E9B404D211B595000761AE1 /* Release */ = {
			isa = XCBuildConfiguration;
			buildSettings = {
				ASSETCATALOG_COMPILER_APPICON_NAME = AppIcon;
				CODE_SIGN_STYLE = Automatic;
				DEVELOPMENT_TEAM = H6LUED72ZQ;
				INFOPLIST_FILE = appMeteo/Info.plist;
				LD_RUNPATH_SEARCH_PATHS = (
					"$(inherited)",
					"@executable_path/Frameworks",
				);
				PRODUCT_BUNDLE_IDENTIFIER = fr.charlottefloderer.appMeteo;
				PRODUCT_NAME = "$(TARGET_NAME)";
				SWIFT_VERSION = 4.0;
				TARGETED_DEVICE_FAMILY = "1,2";
			};
			name = Release;
		};
/* End XCBuildConfiguration section */

/* Begin XCConfigurationList section */
		9E9B4034211B594B00761AE1 /* Build configuration list for PBXProject "appMeteo" */ = {
			isa = XCConfigurationList;
			buildConfigurations = (
				9E9B4049211B595000761AE1 /* Debug */,
				9E9B404A211B595000761AE1 /* Release */,
			);
			defaultConfigurationIsVisible = 0;
			defaultConfigurationName = Release;
		};
		9E9B404B211B595000761AE1 /* Build configuration list for PBXNativeTarget "appMeteo" */ = {
			isa = XCConfigurationList;
			buildConfigurations = (
				9E9B404C211B595000761AE1 /* Debug */,
				9E9B404D211B595000761AE1 /* Release */,
			);
			defaultConfigurationIsVisible = 0;
			defaultConfigurationName = Release;
		};
/* End XCConfigurationList section */
	};
	rootObject = 9E9B4031211B594B00761AE1 /* Project object */;
}
